// !$*UTF8*$!
{
	archiveVersion = 1;
	classes = {
	};
	objectVersion = 54;
	objects = {

/* Begin PBXBuildFile section */
		058557BB273AAA24004C7B11 /* Assets.xcassets in Resources */ = {isa = PBXBuildFile; fileRef = 058557BA273AAA24004C7B11 /* Assets.xcassets */; };
		058557D9273AAEEB004C7B11 /* Preview Assets.xcassets in Resources */ = {isa = PBXBuildFile; fileRef = 058557D8273AAEEB004C7B11 /* Preview Assets.xcassets */; };
		2152FB042600AC8F00CF470E /* iOSApp.swift in Sources */ = {isa = PBXBuildFile; fileRef = 2152FB032600AC8F00CF470E /* iOSApp.swift */; };
		7555FF83242A565900829871 /* ContentView.swift in Sources */ = {isa = PBXBuildFile; fileRef = 7555FF82242A565900829871 /* ContentView.swift */; };
		F90F32062DF76E9D00CBF829 /* SplashScreen.swift in Sources */ = {isa = PBXBuildFile; fileRef = F90F32052DF76E9D00CBF829 /* SplashScreen.swift */; };
		F937A1E82DF48C5E001461A0 /* TranslateTextField.swift in Sources */ = {isa = PBXBuildFile; fileRef = F937A1E72DF48C5E001461A0 /* TranslateTextField.swift */; };
		F937A1EA2DF49833001461A0 /* TextToSpeech.swift in Sources */ = {isa = PBXBuildFile; fileRef = F937A1E92DF49833001461A0 /* TextToSpeech.swift */; };
		F937A1EE2DF4C12A001461A0 /* TranslateHistoryItem.swift in Sources */ = {isa = PBXBuildFile; fileRef = F937A1ED2DF4C12A001461A0 /* TranslateHistoryItem.swift */; };
		F937A1F22DF73878001461A0 /* MicrophonePowerObserver.swift in Sources */ = {isa = PBXBuildFile; fileRef = F937A1F12DF7386B001461A0 /* MicrophonePowerObserver.swift */; };
		F937A1F42DF73C27001461A0 /* IOSVoiceToTextParser.swift in Sources */ = {isa = PBXBuildFile; fileRef = F937A1F32DF73C1E001461A0 /* IOSVoiceToTextParser.swift */; };
		F9B9A5DF2DF3780A006C504C /* Colors.swift in Sources */ = {isa = PBXBuildFile; fileRef = F9B9A5DE2DF3780A006C504C /* Colors.swift */; };
		F9B9A5E52DF37D88006C504C /* LanguageDropDownItem.swift in Sources */ = {isa = PBXBuildFile; fileRef = F9B9A5E42DF37D88006C504C /* LanguageDropDownItem.swift */; };
		F9B9A5E72DF45D14006C504C /* LanguageDropdown.swift in Sources */ = {isa = PBXBuildFile; fileRef = F9B9A5E62DF45D14006C504C /* LanguageDropdown.swift */; };
		F9B9A5E92DF45F5C006C504C /* SmallLanguageIcon.swift in Sources */ = {isa = PBXBuildFile; fileRef = F9B9A5E82DF45F5C006C504C /* SmallLanguageIcon.swift */; };
		F9B9A5EB2DF461AC006C504C /* SwapLanguageButton.swift in Sources */ = {isa = PBXBuildFile; fileRef = F9B9A5EA2DF461AC006C504C /* SwapLanguageButton.swift */; };
		F9B9A5ED2DF46C96006C504C /* IOSTranslateViewModel.swift in Sources */ = {isa = PBXBuildFile; fileRef = F9B9A5EC2DF46C8B006C504C /* IOSTranslateViewModel.swift */; };
		F9B9A5EF2DF46CDF006C504C /* TranslateScreen.swift in Sources */ = {isa = PBXBuildFile; fileRef = F9B9A5EE2DF46CDF006C504C /* TranslateScreen.swift */; };
		F9B9A5F12DF488A0006C504C /* GradientSurface.swift in Sources */ = {isa = PBXBuildFile; fileRef = F9B9A5F02DF488A0006C504C /* GradientSurface.swift */; };
		F9B9A5F32DF48A1B006C504C /* LanguageDisplay.swift in Sources */ = {isa = PBXBuildFile; fileRef = F9B9A5F22DF48A1B006C504C /* LanguageDisplay.swift */; };
		F9B9A5F52DF48ABB006C504C /* ProgressButton.swift in Sources */ = {isa = PBXBuildFile; fileRef = F9B9A5F42DF48ABB006C504C /* ProgressButton.swift */; };
		F9C00EAB2DF756CA00228172 /* IOSVoiceToTextViewModel.swift in Sources */ = {isa = PBXBuildFile; fileRef = F9C00EAA2DF756BC00228172 /* IOSVoiceToTextViewModel.swift */; };
		F9C00EAE2DF7595200228172 /* VoiceRecorderDisplay.swift in Sources */ = {isa = PBXBuildFile; fileRef = F9C00EAD2DF7595200228172 /* VoiceRecorderDisplay.swift */; };
		F9C00EB02DF75C8900228172 /* VoiceRecorderButton.swift in Sources */ = {isa = PBXBuildFile; fileRef = F9C00EAF2DF75C8900228172 /* VoiceRecorderButton.swift */; };
		F9C00EB22DF75EB700228172 /* VoiceToTextScreen.swift in Sources */ = {isa = PBXBuildFile; fileRef = F9C00EB12DF75EB700228172 /* VoiceToTextScreen.swift */; };
/* End PBXBuildFile section */

/* Begin PBXContainerItemProxy section */
		F90F32202DF7945400CBF829 /* PBXContainerItemProxy */ = {
			isa = PBXContainerItemProxy;
			containerPortal = 7555FF73242A565900829871 /* Project object */;
			proxyType = 1;
			remoteGlobalIDString = 7555FF7A242A565900829871;
			remoteInfo = "KMP Translation";
		};
/* End PBXContainerItemProxy section */

/* Begin PBXCopyFilesBuildPhase section */
		7555FFB4242A642300829871 /* Embed Frameworks */ = {
			isa = PBXCopyFilesBuildPhase;
			buildActionMask = 2147483647;
			dstPath = "";
			dstSubfolderSpec = 10;
			files = (
			);
			name = "Embed Frameworks";
			runOnlyForDeploymentPostprocessing = 0;
		};
/* End PBXCopyFilesBuildPhase section */

/* Begin PBXFileReference section */
		058557BA273AAA24004C7B11 /* Assets.xcassets */ = {isa = PBXFileReference; lastKnownFileType = folder.assetcatalog; path = Assets.xcassets; sourceTree = "<group>"; };
		058557D8273AAEEB004C7B11 /* Preview Assets.xcassets */ = {isa = PBXFileReference; lastKnownFileType = folder.assetcatalog; path = "Preview Assets.xcassets"; sourceTree = "<group>"; };
		2152FB032600AC8F00CF470E /* iOSApp.swift */ = {isa = PBXFileReference; lastKnownFileType = sourcecode.swift; path = iOSApp.swift; sourceTree = "<group>"; };
		7555FF7B242A565900829871 /* KMP Translation.app */ = {isa = PBXFileReference; explicitFileType = wrapper.application; includeInIndex = 0; path = "KMP Translation.app"; sourceTree = BUILT_PRODUCTS_DIR; };
		7555FF82242A565900829871 /* ContentView.swift */ = {isa = PBXFileReference; lastKnownFileType = sourcecode.swift; path = ContentView.swift; sourceTree = "<group>"; };
		7555FF8C242A565B00829871 /* Info.plist */ = {isa = PBXFileReference; lastKnownFileType = text.plist.xml; path = Info.plist; sourceTree = "<group>"; };
		F90F32052DF76E9D00CBF829 /* SplashScreen.swift */ = {isa = PBXFileReference; lastKnownFileType = sourcecode.swift; path = SplashScreen.swift; sourceTree = "<group>"; };
		F90F321A2DF7945400CBF829 /* iosAppUITests.xctest */ = {isa = PBXFileReference; explicitFileType = wrapper.cfbundle; includeInIndex = 0; path = iosAppUITests.xctest; sourceTree = BUILT_PRODUCTS_DIR; };
		F937A1E72DF48C5E001461A0 /* TranslateTextField.swift */ = {isa = PBXFileReference; lastKnownFileType = sourcecode.swift; path = TranslateTextField.swift; sourceTree = "<group>"; };
		F937A1E92DF49833001461A0 /* TextToSpeech.swift */ = {isa = PBXFileReference; lastKnownFileType = sourcecode.swift; path = TextToSpeech.swift; sourceTree = "<group>"; };
		F937A1ED2DF4C12A001461A0 /* TranslateHistoryItem.swift */ = {isa = PBXFileReference; lastKnownFileType = sourcecode.swift; path = TranslateHistoryItem.swift; sourceTree = "<group>"; };
		F937A1F12DF7386B001461A0 /* MicrophonePowerObserver.swift */ = {isa = PBXFileReference; lastKnownFileType = sourcecode.swift; path = MicrophonePowerObserver.swift; sourceTree = "<group>"; };
		F937A1F32DF73C1E001461A0 /* IOSVoiceToTextParser.swift */ = {isa = PBXFileReference; lastKnownFileType = sourcecode.swift; path = IOSVoiceToTextParser.swift; sourceTree = "<group>"; };
		F9B9A5DE2DF3780A006C504C /* Colors.swift */ = {isa = PBXFileReference; lastKnownFileType = sourcecode.swift; path = Colors.swift; sourceTree = "<group>"; };
		F9B9A5E42DF37D88006C504C /* LanguageDropDownItem.swift */ = {isa = PBXFileReference; lastKnownFileType = sourcecode.swift; path = LanguageDropDownItem.swift; sourceTree = "<group>"; };
		F9B9A5E62DF45D14006C504C /* LanguageDropdown.swift */ = {isa = PBXFileReference; lastKnownFileType = sourcecode.swift; path = LanguageDropdown.swift; sourceTree = "<group>"; };
		F9B9A5E82DF45F5C006C504C /* SmallLanguageIcon.swift */ = {isa = PBXFileReference; lastKnownFileType = sourcecode.swift; path = SmallLanguageIcon.swift; sourceTree = "<group>"; };
		F9B9A5EA2DF461AC006C504C /* SwapLanguageButton.swift */ = {isa = PBXFileReference; lastKnownFileType = sourcecode.swift; path = SwapLanguageButton.swift; sourceTree = "<group>"; };
		F9B9A5EC2DF46C8B006C504C /* IOSTranslateViewModel.swift */ = {isa = PBXFileReference; lastKnownFileType = sourcecode.swift; path = IOSTranslateViewModel.swift; sourceTree = "<group>"; };
		F9B9A5EE2DF46CDF006C504C /* TranslateScreen.swift */ = {isa = PBXFileReference; lastKnownFileType = sourcecode.swift; path = TranslateScreen.swift; sourceTree = "<group>"; };
		F9B9A5F02DF488A0006C504C /* GradientSurface.swift */ = {isa = PBXFileReference; lastKnownFileType = sourcecode.swift; path = GradientSurface.swift; sourceTree = "<group>"; };
		F9B9A5F22DF48A1B006C504C /* LanguageDisplay.swift */ = {isa = PBXFileReference; lastKnownFileType = sourcecode.swift; path = LanguageDisplay.swift; sourceTree = "<group>"; };
		F9B9A5F42DF48ABB006C504C /* ProgressButton.swift */ = {isa = PBXFileReference; lastKnownFileType = sourcecode.swift; path = ProgressButton.swift; sourceTree = "<group>"; };
		F9C00EAA2DF756BC00228172 /* IOSVoiceToTextViewModel.swift */ = {isa = PBXFileReference; lastKnownFileType = sourcecode.swift; path = IOSVoiceToTextViewModel.swift; sourceTree = "<group>"; };
		F9C00EAD2DF7595200228172 /* VoiceRecorderDisplay.swift */ = {isa = PBXFileReference; lastKnownFileType = sourcecode.swift; path = VoiceRecorderDisplay.swift; sourceTree = "<group>"; };
		F9C00EAF2DF75C8900228172 /* VoiceRecorderButton.swift */ = {isa = PBXFileReference; lastKnownFileType = sourcecode.swift; path = VoiceRecorderButton.swift; sourceTree = "<group>"; };
		F9C00EB12DF75EB700228172 /* VoiceToTextScreen.swift */ = {isa = PBXFileReference; lastKnownFileType = sourcecode.swift; path = VoiceToTextScreen.swift; sourceTree = "<group>"; };
/* End PBXFileReference section */

/* Begin PBXFileSystemSynchronizedRootGroup section */
		F90F321B2DF7945400CBF829 /* iosAppUITests */ = {isa = PBXFileSystemSynchronizedRootGroup; explicitFileTypes = {}; explicitFolders = (); path = iosAppUITests; sourceTree = "<group>"; };
/* End PBXFileSystemSynchronizedRootGroup section */

/* Begin PBXFrameworksBuildPhase section */
		7555FF78242A565900829871 /* Frameworks */ = {
			isa = PBXFrameworksBuildPhase;
			buildActionMask = 2147483647;
			files = (
			);
			runOnlyForDeploymentPostprocessing = 0;
		};
		F90F32172DF7945400CBF829 /* Frameworks */ = {
			isa = PBXFrameworksBuildPhase;
			buildActionMask = 2147483647;
			files = (
			);
			runOnlyForDeploymentPostprocessing = 0;
		};
/* End PBXFrameworksBuildPhase section */

/* Begin PBXGroup section */
		058557D7273AAEEB004C7B11 /* Preview Content */ = {
			isa = PBXGroup;
			children = (
				058557D8273AAEEB004C7B11 /* Preview Assets.xcassets */,
			);
			path = "Preview Content";
			sourceTree = "<group>";
		};
		7555FF72242A565900829871 = {
			isa = PBXGroup;
			children = (
				7555FF7D242A565900829871 /* iosApp */,
				F90F321B2DF7945400CBF829 /* iosAppUITests */,
				7555FF7C242A565900829871 /* Products */,
				7555FFB0242A642200829871 /* Frameworks */,
			);
			sourceTree = "<group>";
		};
		7555FF7C242A565900829871 /* Products */ = {
			isa = PBXGroup;
			children = (
				7555FF7B242A565900829871 /* KMP Translation.app */,
				F90F321A2DF7945400CBF829 /* iosAppUITests.xctest */,
			);
			name = Products;
			sourceTree = "<group>";
		};
		7555FF7D242A565900829871 /* iosApp */ = {
			isa = PBXGroup;
			children = (
				F937A1EF2DF7383C001461A0 /* voice_to_text */,
				F9B9A5E02DF37D59006C504C /* translate */,
				F9B9A5DB2DF371B9006C504C /* core */,
				058557BA273AAA24004C7B11 /* Assets.xcassets */,
				7555FF82242A565900829871 /* ContentView.swift */,
				7555FF8C242A565B00829871 /* Info.plist */,
				2152FB032600AC8F00CF470E /* iOSApp.swift */,
				058557D7273AAEEB004C7B11 /* Preview Content */,
			);
			path = iosApp;
			sourceTree = "<group>";
		};
		7555FFB0242A642200829871 /* Frameworks */ = {
			isa = PBXGroup;
			children = (
			);
			name = Frameworks;
			sourceTree = "<group>";
		};
		F937A1EF2DF7383C001461A0 /* voice_to_text */ = {
			isa = PBXGroup;
			children = (
				F9C00EA92DF756B000228172 /* presentation */,
				F937A1F02DF73852001461A0 /* data */,
			);
			path = voice_to_text;
			sourceTree = "<group>";
		};
		F937A1F02DF73852001461A0 /* data */ = {
			isa = PBXGroup;
			children = (
				F937A1F32DF73C1E001461A0 /* IOSVoiceToTextParser.swift */,
				F937A1F12DF7386B001461A0 /* MicrophonePowerObserver.swift */,
			);
			path = data;
			sourceTree = "<group>";
		};
		F9B9A5DB2DF371B9006C504C /* core */ = {
			isa = PBXGroup;
			children = (
				F9B9A5DC2DF371C0006C504C /* presentation */,
			);
			path = core;
			sourceTree = "<group>";
		};
		F9B9A5DC2DF371C0006C504C /* presentation */ = {
			isa = PBXGroup;
			children = (
				F9B9A5DE2DF3780A006C504C /* Colors.swift */,
				F9B9A5F02DF488A0006C504C /* GradientSurface.swift */,
				F937A1E92DF49833001461A0 /* TextToSpeech.swift */,
				F90F32052DF76E9D00CBF829 /* SplashScreen.swift */,
			);
			path = presentation;
			sourceTree = "<group>";
		};
		F9B9A5E02DF37D59006C504C /* translate */ = {
			isa = PBXGroup;
			children = (
				F9B9A5E12DF37D60006C504C /* presentation */,
			);
			path = translate;
			sourceTree = "<group>";
		};
		F9B9A5E12DF37D60006C504C /* presentation */ = {
			isa = PBXGroup;
			children = (
				F9B9A5EC2DF46C8B006C504C /* IOSTranslateViewModel.swift */,
				F9B9A5E22DF37D67006C504C /* components */,
				F9B9A5EE2DF46CDF006C504C /* TranslateScreen.swift */,
			);
			path = presentation;
			sourceTree = "<group>";
		};
		F9B9A5E22DF37D67006C504C /* components */ = {
			isa = PBXGroup;
			children = (
				F9B9A5E42DF37D88006C504C /* LanguageDropDownItem.swift */,
				F9B9A5E62DF45D14006C504C /* LanguageDropdown.swift */,
				F9B9A5E82DF45F5C006C504C /* SmallLanguageIcon.swift */,
				F9B9A5EA2DF461AC006C504C /* SwapLanguageButton.swift */,
				F9B9A5F22DF48A1B006C504C /* LanguageDisplay.swift */,
				F9B9A5F42DF48ABB006C504C /* ProgressButton.swift */,
				F937A1E72DF48C5E001461A0 /* TranslateTextField.swift */,
				F937A1ED2DF4C12A001461A0 /* TranslateHistoryItem.swift */,
			);
			path = components;
			sourceTree = "<group>";
		};
		F9C00EA92DF756B000228172 /* presentation */ = {
			isa = PBXGroup;
			children = (
				F9C00EAC2DF7593C00228172 /* components */,
				F9C00EAA2DF756BC00228172 /* IOSVoiceToTextViewModel.swift */,
			);
			path = presentation;
			sourceTree = "<group>";
		};
		F9C00EAC2DF7593C00228172 /* components */ = {
			isa = PBXGroup;
			children = (
				F9C00EAD2DF7595200228172 /* VoiceRecorderDisplay.swift */,
				F9C00EAF2DF75C8900228172 /* VoiceRecorderButton.swift */,
				F9C00EB12DF75EB700228172 /* VoiceToTextScreen.swift */,
			);
			path = components;
			sourceTree = "<group>";
		};
/* End PBXGroup section */

/* Begin PBXNativeTarget section */
		7555FF7A242A565900829871 /* KMP Translation */ = {
			isa = PBXNativeTarget;
			buildConfigurationList = 7555FFA5242A565B00829871 /* Build configuration list for PBXNativeTarget "KMP Translation" */;
			buildPhases = (
				7555FFB5242A651A00829871 /* ShellScript */,
				7555FF77242A565900829871 /* Sources */,
				7555FF78242A565900829871 /* Frameworks */,
				7555FF79242A565900829871 /* Resources */,
				7555FFB4242A642300829871 /* Embed Frameworks */,
			);
			buildRules = (
			);
			dependencies = (
			);
			name = "KMP Translation";
			productName = iosApp;
			productReference = 7555FF7B242A565900829871 /* KMP Translation.app */;
			productType = "com.apple.product-type.application";
		};
		F90F32192DF7945400CBF829 /* iosAppUITests */ = {
			isa = PBXNativeTarget;
			buildConfigurationList = F90F32222DF7945400CBF829 /* Build configuration list for PBXNativeTarget "iosAppUITests" */;
			buildPhases = (
				F90F32162DF7945400CBF829 /* Sources */,
				F90F32172DF7945400CBF829 /* Frameworks */,
				F90F32182DF7945400CBF829 /* Resources */,
			);
			buildRules = (
			);
			dependencies = (
				F90F32212DF7945400CBF829 /* PBXTargetDependency */,
			);
			fileSystemSynchronizedGroups = (
				F90F321B2DF7945400CBF829 /* iosAppUITests */,
			);
			name = iosAppUITests;
			packageProductDependencies = (
			);
			productName = iosAppUITests;
			productReference = F90F321A2DF7945400CBF829 /* iosAppUITests.xctest */;
			productType = "com.apple.product-type.bundle.ui-testing";
		};
/* End PBXNativeTarget section */

/* Begin PBXProject section */
		7555FF73242A565900829871 /* Project object */ = {
			isa = PBXProject;
			attributes = {
				BuildIndependentTargetsInParallel = YES;
				LastSwiftUpdateCheck = 1640;
				LastUpgradeCheck = 1640;
				ORGANIZATIONNAME = orgName;
				TargetAttributes = {
					7555FF7A242A565900829871 = {
						CreatedOnToolsVersion = 11.3.1;
					};
					F90F32192DF7945400CBF829 = {
						CreatedOnToolsVersion = 16.4;
						TestTargetID = 7555FF7A242A565900829871;
					};
				};
			};
			buildConfigurationList = 7555FF76242A565900829871 /* Build configuration list for PBXProject "iosApp" */;
			compatibilityVersion = "Xcode 9.3";
			developmentRegion = en;
			hasScannedForEncodings = 0;
			knownRegions = (
				en,
				Base,
			);
			mainGroup = 7555FF72242A565900829871;
			productRefGroup = 7555FF7C242A565900829871 /* Products */;
			projectDirPath = "";
			projectRoot = "";
			targets = (
				7555FF7A242A565900829871 /* KMP Translation */,
				F90F32192DF7945400CBF829 /* iosAppUITests */,
			);
		};
/* End PBXProject section */

/* Begin PBXResourcesBuildPhase section */
		7555FF79242A565900829871 /* Resources */ = {
			isa = PBXResourcesBuildPhase;
			buildActionMask = 2147483647;
			files = (
				058557D9273AAEEB004C7B11 /* Preview Assets.xcassets in Resources */,
				058557BB273AAA24004C7B11 /* Assets.xcassets in Resources */,
			);
			runOnlyForDeploymentPostprocessing = 0;
		};
		F90F32182DF7945400CBF829 /* Resources */ = {
			isa = PBXResourcesBuildPhase;
			buildActionMask = 2147483647;
			files = (
			);
			runOnlyForDeploymentPostprocessing = 0;
		};
/* End PBXResourcesBuildPhase section */

/* Begin PBXShellScriptBuildPhase section */
		7555FFB5242A651A00829871 /* ShellScript */ = {
			isa = PBXShellScriptBuildPhase;
			buildActionMask = 2147483647;
			files = (
			);
			inputFileListPaths = (
			);
			inputPaths = (
			);
			outputFileListPaths = (
			);
			outputPaths = (
			);
			runOnlyForDeploymentPostprocessing = 0;
			shellPath = /bin/sh;
			shellScript = "cd \"$SRCROOT/..\"\n./gradlew :shared:embedAndSignAppleFrameworkForXcode\n";
		};
/* End PBXShellScriptBuildPhase section */

/* Begin PBXSourcesBuildPhase section */
		7555FF77242A565900829871 /* Sources */ = {
			isa = PBXSourcesBuildPhase;
			buildActionMask = 2147483647;
			files = (
				F9C00EB02DF75C8900228172 /* VoiceRecorderButton.swift in Sources */,
				F9B9A5F52DF48ABB006C504C /* ProgressButton.swift in Sources */,
				F9C00EB22DF75EB700228172 /* VoiceToTextScreen.swift in Sources */,
				F937A1F22DF73878001461A0 /* MicrophonePowerObserver.swift in Sources */,
				2152FB042600AC8F00CF470E /* iOSApp.swift in Sources */,
				F9B9A5F12DF488A0006C504C /* GradientSurface.swift in Sources */,
				F90F32062DF76E9D00CBF829 /* SplashScreen.swift in Sources */,
				F9B9A5E52DF37D88006C504C /* LanguageDropDownItem.swift in Sources */,
				F9C00EAB2DF756CA00228172 /* IOSVoiceToTextViewModel.swift in Sources */,
				F9C00EAE2DF7595200228172 /* VoiceRecorderDisplay.swift in Sources */,
				F937A1F42DF73C27001461A0 /* IOSVoiceToTextParser.swift in Sources */,
				F9B9A5F32DF48A1B006C504C /* LanguageDisplay.swift in Sources */,
				F9B9A5E92DF45F5C006C504C /* SmallLanguageIcon.swift in Sources */,
				F9B9A5ED2DF46C96006C504C /* IOSTranslateViewModel.swift in Sources */,
				F9B9A5E72DF45D14006C504C /* LanguageDropdown.swift in Sources */,
				F9B9A5EB2DF461AC006C504C /* SwapLanguageButton.swift in Sources */,
				F9B9A5DF2DF3780A006C504C /* Colors.swift in Sources */,
				F9B9A5EF2DF46CDF006C504C /* TranslateScreen.swift in Sources */,
				F937A1EA2DF49833001461A0 /* TextToSpeech.swift in Sources */,
				7555FF83242A565900829871 /* ContentView.swift in Sources */,
				F937A1EE2DF4C12A001461A0 /* TranslateHistoryItem.swift in Sources */,
				F937A1E82DF48C5E001461A0 /* TranslateTextField.swift in Sources */,
			);
			runOnlyForDeploymentPostprocessing = 0;
		};
		F90F32162DF7945400CBF829 /* Sources */ = {
			isa = PBXSourcesBuildPhase;
			buildActionMask = 2147483647;
			files = (
			);
			runOnlyForDeploymentPostprocessing = 0;
		};
/* End PBXSourcesBuildPhase section */

/* Begin PBXTargetDependency section */
		F90F32212DF7945400CBF829 /* PBXTargetDependency */ = {
			isa = PBXTargetDependency;
			target = 7555FF7A242A565900829871 /* KMP Translation */;
			targetProxy = F90F32202DF7945400CBF829 /* PBXContainerItemProxy */;
		};
/* End PBXTargetDependency section */

/* Begin XCBuildConfiguration section */
		7555FFA3242A565B00829871 /* Debug */ = {
			isa = XCBuildConfiguration;
			buildSettings = {
				ALWAYS_SEARCH_USER_PATHS = NO;
				CLANG_ANALYZER_NONNULL = YES;
				CLANG_ANALYZER_NUMBER_OBJECT_CONVERSION = YES_AGGRESSIVE;
				CLANG_CXX_LANGUAGE_STANDARD = "gnu++14";
				CLANG_CXX_LIBRARY = "libc++";
				CLANG_ENABLE_MODULES = YES;
				CLANG_ENABLE_OBJC_ARC = YES;
				CLANG_ENABLE_OBJC_WEAK = YES;
				CLANG_WARN_BLOCK_CAPTURE_AUTORELEASING = YES;
				CLANG_WARN_BOOL_CONVERSION = YES;
				CLANG_WARN_COMMA = YES;
				CLANG_WARN_CONSTANT_CONVERSION = YES;
				CLANG_WARN_DEPRECATED_OBJC_IMPLEMENTATIONS = YES;
				CLANG_WARN_DIRECT_OBJC_ISA_USAGE = YES_ERROR;
				CLANG_WARN_DOCUMENTATION_COMMENTS = YES;
				CLANG_WARN_EMPTY_BODY = YES;
				CLANG_WARN_ENUM_CONVERSION = YES;
				CLANG_WARN_INFINITE_RECURSION = YES;
				CLANG_WARN_INT_CONVERSION = YES;
				CLANG_WARN_NON_LITERAL_NULL_CONVERSION = YES;
				CLANG_WARN_OBJC_IMPLICIT_RETAIN_SELF = YES;
				CLANG_WARN_OBJC_LITERAL_CONVERSION = YES;
				CLANG_WARN_OBJC_ROOT_CLASS = YES_ERROR;
				CLANG_WARN_QUOTED_INCLUDE_IN_FRAMEWORK_HEADER = YES;
				CLANG_WARN_RANGE_LOOP_ANALYSIS = YES;
				CLANG_WARN_STRICT_PROTOTYPES = YES;
				CLANG_WARN_SUSPICIOUS_MOVE = YES;
				CLANG_WARN_UNGUARDED_AVAILABILITY = YES_AGGRESSIVE;
				CLANG_WARN_UNREACHABLE_CODE = YES;
				CLANG_WARN__DUPLICATE_METHOD_MATCH = YES;
				COPY_PHASE_STRIP = NO;
				DEBUG_INFORMATION_FORMAT = "dwarf-with-dsym";
				ENABLE_STRICT_OBJC_MSGSEND = YES;
				ENABLE_TESTABILITY = YES;
				ENABLE_USER_SCRIPT_SANDBOXING = NO;
				GCC_C_LANGUAGE_STANDARD = gnu11;
				GCC_DYNAMIC_NO_PIC = NO;
				GCC_NO_COMMON_BLOCKS = YES;
				GCC_OPTIMIZATION_LEVEL = 0;
				GCC_PREPROCESSOR_DEFINITIONS = (
					"DEBUG=1",
					"$(inherited)",
				);
				GCC_WARN_64_TO_32_BIT_CONVERSION = YES;
				GCC_WARN_ABOUT_RETURN_TYPE = YES_ERROR;
				GCC_WARN_UNDECLARED_SELECTOR = YES;
				GCC_WARN_UNINITIALIZED_AUTOS = YES_AGGRESSIVE;
				GCC_WARN_UNUSED_FUNCTION = YES;
				GCC_WARN_UNUSED_VARIABLE = YES;
				IPHONEOS_DEPLOYMENT_TARGET = 14.1;
				MTL_ENABLE_DEBUG_INFO = INCLUDE_SOURCE;
				MTL_FAST_MATH = YES;
				ONLY_ACTIVE_ARCH = YES;
				SDKROOT = iphoneos;
				SWIFT_ACTIVE_COMPILATION_CONDITIONS = DEBUG;
				SWIFT_OPTIMIZATION_LEVEL = "-Onone";
			};
			name = Debug;
		};
		7555FFA4242A565B00829871 /* Release */ = {
			isa = XCBuildConfiguration;
			buildSettings = {
				ALWAYS_SEARCH_USER_PATHS = NO;
				CLANG_ANALYZER_NONNULL = YES;
				CLANG_ANALYZER_NUMBER_OBJECT_CONVERSION = YES_AGGRESSIVE;
				CLANG_CXX_LANGUAGE_STANDARD = "gnu++14";
				CLANG_CXX_LIBRARY = "libc++";
				CLANG_ENABLE_MODULES = YES;
				CLANG_ENABLE_OBJC_ARC = YES;
				CLANG_ENABLE_OBJC_WEAK = YES;
				CLANG_WARN_BLOCK_CAPTURE_AUTORELEASING = YES;
				CLANG_WARN_BOOL_CONVERSION = YES;
				CLANG_WARN_COMMA = YES;
				CLANG_WARN_CONSTANT_CONVERSION = YES;
				CLANG_WARN_DEPRECATED_OBJC_IMPLEMENTATIONS = YES;
				CLANG_WARN_DIRECT_OBJC_ISA_USAGE = YES_ERROR;
				CLANG_WARN_DOCUMENTATION_COMMENTS = YES;
				CLANG_WARN_EMPTY_BODY = YES;
				CLANG_WARN_ENUM_CONVERSION = YES;
				CLANG_WARN_INFINITE_RECURSION = YES;
				CLANG_WARN_INT_CONVERSION = YES;
				CLANG_WARN_NON_LITERAL_NULL_CONVERSION = YES;
				CLANG_WARN_OBJC_IMPLICIT_RETAIN_SELF = YES;
				CLANG_WARN_OBJC_LITERAL_CONVERSION = YES;
				CLANG_WARN_OBJC_ROOT_CLASS = YES_ERROR;
				CLANG_WARN_QUOTED_INCLUDE_IN_FRAMEWORK_HEADER = YES;
				CLANG_WARN_RANGE_LOOP_ANALYSIS = YES;
				CLANG_WARN_STRICT_PROTOTYPES = YES;
				CLANG_WARN_SUSPICIOUS_MOVE = YES;
				CLANG_WARN_UNGUARDED_AVAILABILITY = YES_AGGRESSIVE;
				CLANG_WARN_UNREACHABLE_CODE = YES;
				CLANG_WARN__DUPLICATE_METHOD_MATCH = YES;
				COPY_PHASE_STRIP = NO;
				DEBUG_INFORMATION_FORMAT = "dwarf-with-dsym";
				ENABLE_NS_ASSERTIONS = NO;
				ENABLE_STRICT_OBJC_MSGSEND = YES;
				ENABLE_USER_SCRIPT_SANDBOXING = NO;
				GCC_C_LANGUAGE_STANDARD = gnu11;
				GCC_NO_COMMON_BLOCKS = YES;
				GCC_WARN_64_TO_32_BIT_CONVERSION = YES;
				GCC_WARN_ABOUT_RETURN_TYPE = YES_ERROR;
				GCC_WARN_UNDECLARED_SELECTOR = YES;
				GCC_WARN_UNINITIALIZED_AUTOS = YES_AGGRESSIVE;
				GCC_WARN_UNUSED_FUNCTION = YES;
				GCC_WARN_UNUSED_VARIABLE = YES;
				IPHONEOS_DEPLOYMENT_TARGET = 14.1;
				MTL_ENABLE_DEBUG_INFO = NO;
				MTL_FAST_MATH = YES;
				SDKROOT = iphoneos;
				SWIFT_COMPILATION_MODE = wholemodule;
				SWIFT_OPTIMIZATION_LEVEL = "-O";
				VALIDATE_PRODUCT = YES;
			};
			name = Release;
		};
		7555FFA6242A565B00829871 /* Debug */ = {
			isa = XCBuildConfiguration;
			buildSettings = {
				ASSETCATALOG_COMPILER_APPICON_NAME = AppIcon;
				CODE_SIGN_STYLE = Automatic;
				DEVELOPMENT_ASSET_PATHS = "\"iosApp/Preview Content\"";
				ENABLE_PREVIEWS = YES;
				FRAMEWORK_SEARCH_PATHS = (
					"$(inherited)",
					"$(SRCROOT)/../shared/build/xcode-frameworks/$(CONFIGURATION)/$(SDK_NAME)",
				);
				INFOPLIST_FILE = iosApp/Info.plist;
				INFOPLIST_KEY_CFBundleDisplayName = "KMP Translation";
				IPHONEOS_DEPLOYMENT_TARGET = 16.0;
				LD_RUNPATH_SEARCH_PATHS = (
					"$(inherited)",
					"@executable_path/Frameworks",
				);
				OTHER_LDFLAGS = (
					"$(inherited)",
					"-framework",
					shared,
					"-lsqlite3",
				);
				PRODUCT_BUNDLE_IDENTIFIER = orgIdentifier.iosApp;
				PRODUCT_NAME = "$(TARGET_NAME)";
				SWIFT_VERSION = 5.0;
				TARGETED_DEVICE_FAMILY = "1,2";
			};
			name = Debug;
		};
		7555FFA7242A565B00829871 /* Release */ = {
			isa = XCBuildConfiguration;
			buildSettings = {
				ASSETCATALOG_COMPILER_APPICON_NAME = AppIcon;
				CODE_SIGN_STYLE = Automatic;
				DEVELOPMENT_ASSET_PATHS = "\"iosApp/Preview Content\"";
				ENABLE_PREVIEWS = YES;
				FRAMEWORK_SEARCH_PATHS = (
					"$(inherited)",
					"$(SRCROOT)/../shared/build/xcode-frameworks/$(CONFIGURATION)/$(SDK_NAME)",
				);
				INFOPLIST_FILE = iosApp/Info.plist;
				INFOPLIST_KEY_CFBundleDisplayName = "KMP Translation";
				IPHONEOS_DEPLOYMENT_TARGET = 16.0;
				LD_RUNPATH_SEARCH_PATHS = (
					"$(inherited)",
					"@executable_path/Frameworks",
				);
				OTHER_LDFLAGS = (
					"$(inherited)",
					"-framework",
					shared,
					"-lsqlite3",
				);
				PRODUCT_BUNDLE_IDENTIFIER = orgIdentifier.iosApp;
				PRODUCT_NAME = "$(TARGET_NAME)";
				SWIFT_VERSION = 5.0;
				TARGETED_DEVICE_FAMILY = "1,2";
			};
			name = Release;
		};
		F90F32232DF7945400CBF829 /* Debug */ = {
			isa = XCBuildConfiguration;
			buildSettings = {
				ASSETCATALOG_COMPILER_GENERATE_SWIFT_ASSET_SYMBOL_EXTENSIONS = YES;
				CLANG_CXX_LANGUAGE_STANDARD = "gnu++20";
				CODE_SIGN_STYLE = Automatic;
				CURRENT_PROJECT_VERSION = 1;
				DEBUG_INFORMATION_FORMAT = dwarf;
				DEVELOPMENT_TEAM = NFB7W3RM9U;
				ENABLE_USER_SCRIPT_SANDBOXING = YES;
				GCC_C_LANGUAGE_STANDARD = gnu17;
				GENERATE_INFOPLIST_FILE = YES;
				IPHONEOS_DEPLOYMENT_TARGET = 18.5;
				LOCALIZATION_PREFERS_STRING_CATALOGS = YES;
				MARKETING_VERSION = 1.0;
				PRODUCT_BUNDLE_IDENTIFIER = com.leotorrealba.iosAppUITests;
				PRODUCT_NAME = "$(TARGET_NAME)";
				SWIFT_ACTIVE_COMPILATION_CONDITIONS = "DEBUG $(inherited)";
				SWIFT_EMIT_LOC_STRINGS = NO;
				SWIFT_VERSION = 5.0;
				TARGETED_DEVICE_FAMILY = "1,2";
				TEST_TARGET_NAME = "KMP Translation";
			};
			name = Debug;
		};
		F90F32242DF7945400CBF829 /* Release */ = {
			isa = XCBuildConfiguration;
			buildSettings = {
				ASSETCATALOG_COMPILER_GENERATE_SWIFT_ASSET_SYMBOL_EXTENSIONS = YES;
				CLANG_CXX_LANGUAGE_STANDARD = "gnu++20";
				CODE_SIGN_STYLE = Automatic;
				CURRENT_PROJECT_VERSION = 1;
				DEVELOPMENT_TEAM = NFB7W3RM9U;
				ENABLE_USER_SCRIPT_SANDBOXING = YES;
				GCC_C_LANGUAGE_STANDARD = gnu17;
				GENERATE_INFOPLIST_FILE = YES;
				IPHONEOS_DEPLOYMENT_TARGET = 18.5;
				LOCALIZATION_PREFERS_STRING_CATALOGS = YES;
				MARKETING_VERSION = 1.0;
				PRODUCT_BUNDLE_IDENTIFIER = com.leotorrealba.iosAppUITests;
				PRODUCT_NAME = "$(TARGET_NAME)";
				SWIFT_EMIT_LOC_STRINGS = NO;
				SWIFT_VERSION = 5.0;
				TARGETED_DEVICE_FAMILY = "1,2";
				TEST_TARGET_NAME = "KMP Translation";
			};
			name = Release;
		};
/* End XCBuildConfiguration section */

/* Begin XCConfigurationList section */
		7555FF76242A565900829871 /* Build configuration list for PBXProject "iosApp" */ = {
			isa = XCConfigurationList;
			buildConfigurations = (
				7555FFA3242A565B00829871 /* Debug */,
				7555FFA4242A565B00829871 /* Release */,
			);
			defaultConfigurationIsVisible = 0;
			defaultConfigurationName = Release;
		};
		7555FFA5242A565B00829871 /* Build configuration list for PBXNativeTarget "KMP Translation" */ = {
			isa = XCConfigurationList;
			buildConfigurations = (
				7555FFA6242A565B00829871 /* Debug */,
				7555FFA7242A565B00829871 /* Release */,
			);
			defaultConfigurationIsVisible = 0;
			defaultConfigurationName = Release;
		};
		F90F32222DF7945400CBF829 /* Build configuration list for PBXNativeTarget "iosAppUITests" */ = {
			isa = XCConfigurationList;
			buildConfigurations = (
				F90F32232DF7945400CBF829 /* Debug */,
				F90F32242DF7945400CBF829 /* Release */,
			);
			defaultConfigurationIsVisible = 0;
			defaultConfigurationName = Release;
		};
/* End XCConfigurationList section */
	};
	rootObject = 7555FF73242A565900829871 /* Project object */;
}
